
Microsoft Visual Studio Solution File, Format Version 12.00
# Visual Studio Version 16
VisualStudioVersion = 16.0.810.20
MinimumVisualStudioVersion = 10.0.40219.1
Project("{FAE04EC0-301F-11D3-BF4B-00C04F79EFBC}") = "basic-body-mass-index-calculator", "basic-body-mass-index-calculator\basic-body-mass-index-calculator.csproj", "{0C5ACE2C-C1AC-4D50-BD71-55B5210C2ED5}"
EndProject
Global
	GlobalSection(SolutionConfigurationPlatforms) = preSolution
		Debug|anycpu = Debug|anycpu
		Release|anycpu = Release|anycpu
	EndGlobalSection
	GlobalSection(ProjectConfigurationPlatforms) = postSolution
		{0C5ACE2C-C1AC-4D50-BD71-55B5210C2ED5}.Debug|anycpu.ActiveCfg = Debug|anycpu
		{0C5ACE2C-C1AC-4D50-BD71-55B5210C2ED5}.Debug|anycpu.Build.0 = Debug|anycpu
		{0C5ACE2C-C1AC-4D50-BD71-55B5210C2ED5}.Release|anycpu.ActiveCfg = Release|anycpu
		{0C5ACE2C-C1AC-4D50-BD71-55B5210C2ED5}.Release|anycpu.Build.0 = Release|anycpu
	EndGlobalSection
	GlobalSection(SolutionProperties) = preSolution
		HideSolutionNode = FALSE
	EndGlobalSection
	GlobalSection(ExtensibilityGlobals) = postSolution
		SolutionGuid = {C88A4024-05D2-4C2C-99A6-174CBBF2BBDE}
	EndGlobalSection
EndGlobal
